
Microsoft Visual Studio Solution File, Format Version 12.00
# Visual Studio Version 16
VisualStudioVersion = 16.0.29215.179
MinimumVisualStudioVersion = 10.0.40219.1
Project("{FAE04EC0-301F-11D3-BF4B-00C04F79EFBC}") = "ConsoleApp1", "ConsoleApp1.csproj", "{78270542-87E9-4D01-83E7-673456C445F0}"
EndProject
Global
	GlobalSection(SolutionConfigurationPlatforms) = preSolution
		Debug|Any CPU = Debug|Any CPU
		Release|Any CPU = Release|Any CPU
	EndGlobalSection
	GlobalSection(ProjectConfigurationPlatforms) = postSolution
		{78270542-87E9-4D01-83E7-673456C445F0}.Debug|Any CPU.ActiveCfg = Debug|Any CPU
		{78270542-87E9-4D01-83E7-673456C445F0}.Debug|Any CPU.Build.0 = Debug|Any CPU
		{78270542-87E9-4D01-83E7-673456C445F0}.Release|Any CPU.ActiveCfg = Release|Any CPU
		{78270542-87E9-4D01-83E7-673456C445F0}.Release|Any CPU.Build.0 = Release|Any CPU
	EndGlobalSection
	GlobalSection(SolutionProperties) = preSolution
		HideSolutionNode = FALSE
	EndGlobalSection
	GlobalSection(ExtensibilityGlobals) = postSolution
		SolutionGuid = {D2BF3675-275F-4491-B7AF-876C7D2D9358}
	EndGlobalSection
EndGlobal
